
Microsoft Visual Studio Solution File, Format Version 12.00
# Visual Studio Version 16
VisualStudioVersion = 16.0.29201.188
MinimumVisualStudioVersion = 10.0.40219.1
Project("{8BC9CEB8-8B4A-11D0-8D11-00A0C91BC942}") = "Лабораторная работа №14", "Лабораторная работа №14\Лабораторная работа №14.vcxproj", "{FB794ABA-A85A-4F97-A568-E0B9EFD48703}"
EndProject
Global
	GlobalSection(SolutionConfigurationPlatforms) = preSolution
		Debug|x64 = Debug|x64
		Debug|x86 = Debug|x86
		Release|x64 = Release|x64
		Release|x86 = Release|x86
	EndGlobalSection
	GlobalSection(ProjectConfigurationPlatforms) = postSolution
		{FB794ABA-A85A-4F97-A568-E0B9EFD48703}.Debug|x64.ActiveCfg = Debug|x64
		{FB794ABA-A85A-4F97-A568-E0B9EFD48703}.Debug|x64.Build.0 = Debug|x64
		{FB794ABA-A85A-4F97-A568-E0B9EFD48703}.Debug|x86.ActiveCfg = Debug|Win32
		{FB794ABA-A85A-4F97-A568-E0B9EFD48703}.Debug|x86.Build.0 = Debug|Win32
		{FB794ABA-A85A-4F97-A568-E0B9EFD48703}.Release|x64.ActiveCfg = Release|x64
		{FB794ABA-A85A-4F97-A568-E0B9EFD48703}.Release|x64.Build.0 = Release|x64
		{FB794ABA-A85A-4F97-A568-E0B9EFD48703}.Release|x86.ActiveCfg = Release|Win32
		{FB794ABA-A85A-4F97-A568-E0B9EFD48703}.Release|x86.Build.0 = Release|Win32
	EndGlobalSection
	GlobalSection(SolutionProperties) = preSolution
		HideSolutionNode = FALSE
	EndGlobalSection
	GlobalSection(ExtensibilityGlobals) = postSolution
		SolutionGuid = {9EF0C9A1-0DDF-44F4-948A-89D596C27970}
	EndGlobalSection
EndGlobal
